
Microsoft Visual Studio Solution File, Format Version 12.00
# Visual Studio Version 17
VisualStudioVersion = 17.0.31903.59
MinimumVisualStudioVersion = 10.0.40219.1
Project("{FAE04EC0-301F-11D3-BF4B-00C04F79EFBC}") = "OrderService", "OrderService\OrderService.csproj", "{62A756D0-64C1-4E02-96C1-8B8548F6464B}"
EndProject
Project("{FAE04EC0-301F-11D3-BF4B-00C04F79EFBC}") = "OrderService.Tests", "OrderService.Tests\OrderService.Tests.csproj", "{58C70AB8-D11D-40DB-888A-1D093C488D3D}"
EndProject
Global
	GlobalSection(SolutionConfigurationPlatforms) = preSolution
		Debug|Any CPU = Debug|Any CPU
		Debug|x64 = Debug|x64
		Debug|x86 = Debug|x86
		Release|Any CPU = Release|Any CPU
		Release|x64 = Release|x64
		Release|x86 = Release|x86
	EndGlobalSection
	GlobalSection(ProjectConfigurationPlatforms) = postSolution
		{62A756D0-64C1-4E02-96C1-8B8548F6464B}.Debug|Any CPU.ActiveCfg = Debug|Any CPU
		{62A756D0-64C1-4E02-96C1-8B8548F6464B}.Debug|Any CPU.Build.0 = Debug|Any CPU
		{62A756D0-64C1-4E02-96C1-8B8548F6464B}.Debug|x64.ActiveCfg = Debug|Any CPU
		{62A756D0-64C1-4E02-96C1-8B8548F6464B}.Debug|x64.Build.0 = Debug|Any CPU
		{62A756D0-64C1-4E02-96C1-8B8548F6464B}.Debug|x86.ActiveCfg = Debug|Any CPU
		{62A756D0-64C1-4E02-96C1-8B8548F6464B}.Debug|x86.Build.0 = Debug|Any CPU
		{62A756D0-64C1-4E02-96C1-8B8548F6464B}.Release|Any CPU.ActiveCfg = Release|Any CPU
		{62A756D0-64C1-4E02-96C1-8B8548F6464B}.Release|Any CPU.Build.0 = Release|Any CPU
		{62A756D0-64C1-4E02-96C1-8B8548F6464B}.Release|x64.ActiveCfg = Release|Any CPU
		{62A756D0-64C1-4E02-96C1-8B8548F6464B}.Release|x64.Build.0 = Release|Any CPU
		{62A756D0-64C1-4E02-96C1-8B8548F6464B}.Release|x86.ActiveCfg = Release|Any CPU
		{62A756D0-64C1-4E02-96C1-8B8548F6464B}.Release|x86.Build.0 = Release|Any CPU
		{58C70AB8-D11D-40DB-888A-1D093C488D3D}.Debug|Any CPU.ActiveCfg = Debug|Any CPU
		{58C70AB8-D11D-40DB-888A-1D093C488D3D}.Debug|Any CPU.Build.0 = Debug|Any CPU
		{58C70AB8-D11D-40DB-888A-1D093C488D3D}.Debug|x64.ActiveCfg = Debug|Any CPU
		{58C70AB8-D11D-40DB-888A-1D093C488D3D}.Debug|x64.Build.0 = Debug|Any CPU
		{58C70AB8-D11D-40DB-888A-1D093C488D3D}.Debug|x86.ActiveCfg = Debug|Any CPU
		{58C70AB8-D11D-40DB-888A-1D093C488D3D}.Debug|x86.Build.0 = Debug|Any CPU
		{58C70AB8-D11D-40DB-888A-1D093C488D3D}.Release|Any CPU.ActiveCfg = Release|Any CPU
		{58C70AB8-D11D-40DB-888A-1D093C488D3D}.Release|Any CPU.Build.0 = Release|Any CPU
		{58C70AB8-D11D-40DB-888A-1D093C488D3D}.Release|x64.ActiveCfg = Release|Any CPU
		{58C70AB8-D11D-40DB-888A-1D093C488D3D}.Release|x64.Build.0 = Release|Any CPU
		{58C70AB8-D11D-40DB-888A-1D093C488D3D}.Release|x86.ActiveCfg = Release|Any CPU
		{58C70AB8-D11D-40DB-888A-1D093C488D3D}.Release|x86.Build.0 = Release|Any CPU
	EndGlobalSection
	GlobalSection(SolutionProperties) = preSolution
		HideSolutionNode = FALSE
	EndGlobalSection
EndGlobal
